
Microsoft Visual Studio Solution File, Format Version 12.00
# Visual Studio Version 17
VisualStudioVersion = 17.9.34728.123
MinimumVisualStudioVersion = 10.0.40219.1
Project("{FAE04EC0-301F-11D3-BF4B-00C04F79EFBC}") = "Komunal", "Komunal\Komunal.csproj", "{A2827BA5-172E-4206-8EAE-2EF8EF3A262C}"
EndProject
Global
	GlobalSection(SolutionConfigurationPlatforms) = preSolution
		Debug|Any CPU = Debug|Any CPU
		Release|Any CPU = Release|Any CPU
	EndGlobalSection
	GlobalSection(ProjectConfigurationPlatforms) = postSolution
		{A2827BA5-172E-4206-8EAE-2EF8EF3A262C}.Debug|Any CPU.ActiveCfg = Debug|Any CPU
		{A2827BA5-172E-4206-8EAE-2EF8EF3A262C}.Debug|Any CPU.Build.0 = Debug|Any CPU
		{A2827BA5-172E-4206-8EAE-2EF8EF3A262C}.Release|Any CPU.ActiveCfg = Release|Any CPU
		{A2827BA5-172E-4206-8EAE-2EF8EF3A262C}.Release|Any CPU.Build.0 = Release|Any CPU
	EndGlobalSection
	GlobalSection(SolutionProperties) = preSolution
		HideSolutionNode = FALSE
	EndGlobalSection
	GlobalSection(ExtensibilityGlobals) = postSolution
		SolutionGuid = {44A5D562-0E79-4E2D-B70D-DD31536A12C7}
	EndGlobalSection
EndGlobal
